
Microsoft Visual Studio Solution File, Format Version 12.00
# Visual Studio Version 17
VisualStudioVersion = 17.3.32825.248
MinimumVisualStudioVersion = 10.0.40219.1
Project("{FAE04EC0-301F-11D3-BF4B-00C04F79EFBC}") = "Begin_CSharp_2", "Begin_CSharp_2\Begin_CSharp_2.csproj", "{3C50E297-46BF-46D4-8E3C-BA7808B2F174}"
EndProject
Global
	GlobalSection(SolutionConfigurationPlatforms) = preSolution
		Debug|Any CPU = Debug|Any CPU
		Release|Any CPU = Release|Any CPU
	EndGlobalSection
	GlobalSection(ProjectConfigurationPlatforms) = postSolution
		{3C50E297-46BF-46D4-8E3C-BA7808B2F174}.Debug|Any CPU.ActiveCfg = Debug|Any CPU
		{3C50E297-46BF-46D4-8E3C-BA7808B2F174}.Debug|Any CPU.Build.0 = Debug|Any CPU
		{3C50E297-46BF-46D4-8E3C-BA7808B2F174}.Release|Any CPU.ActiveCfg = Release|Any CPU
		{3C50E297-46BF-46D4-8E3C-BA7808B2F174}.Release|Any CPU.Build.0 = Release|Any CPU
	EndGlobalSection
	GlobalSection(SolutionProperties) = preSolution
		HideSolutionNode = FALSE
	EndGlobalSection
	GlobalSection(ExtensibilityGlobals) = postSolution
		SolutionGuid = {F89ED043-9807-41AD-9CCB-076246BD85ED}
	EndGlobalSection
EndGlobal
